
Microsoft Visual Studio Solution File, Format Version 12.00
# Visual Studio Version 17
VisualStudioVersion = 17.7.34009.444
MinimumVisualStudioVersion = 10.0.40219.1
Project("{9A19103F-16F7-4668-BE54-9A1E7A4F7556}") = "TableBooking.Api", "TableBooking\TableBooking.Api.csproj", "{4B7B965D-99E8-4CC4-AC67-57F4055E962C}"
EndProject
Project("{2150E333-8FDC-42A3-9474-1A3956D46DE8}") = "Solution Items", "Solution Items", "{415AFF54-C855-4B6A-A3D1-05B32100C08F}"
	ProjectSection(SolutionItems) = preProject
		.env = .env
		.gitignore = .gitignore
		docker-compose.yml = docker-compose.yml
		README.md = README.md
	EndProjectSection
EndProject
Project("{9A19103F-16F7-4668-BE54-9A1E7A4F7556}") = "TableBooking.Model", "TableBooking.Model\TableBooking.Model.csproj", "{D78B787F-4760-4AB1-B369-DBEBEFD632DF}"
EndProject
Project("{FAE04EC0-301F-11D3-BF4B-00C04F79EFBC}") = "TableBooking.IntegrationTests", "TableBooking.IntegrationTests\TableBooking.IntegrationTests.csproj", "{728368D4-C976-4D34-AF3E-5910FDC3B5B1}"
EndProject
Global
	GlobalSection(SolutionConfigurationPlatforms) = preSolution
		Debug|Any CPU = Debug|Any CPU
		Release|Any CPU = Release|Any CPU
	EndGlobalSection
	GlobalSection(ProjectConfigurationPlatforms) = postSolution
		{4B7B965D-99E8-4CC4-AC67-57F4055E962C}.Debug|Any CPU.ActiveCfg = Debug|Any CPU
		{4B7B965D-99E8-4CC4-AC67-57F4055E962C}.Debug|Any CPU.Build.0 = Debug|Any CPU
		{4B7B965D-99E8-4CC4-AC67-57F4055E962C}.Release|Any CPU.ActiveCfg = Release|Any CPU
		{4B7B965D-99E8-4CC4-AC67-57F4055E962C}.Release|Any CPU.Build.0 = Release|Any CPU
		{D78B787F-4760-4AB1-B369-DBEBEFD632DF}.Debug|Any CPU.ActiveCfg = Debug|Any CPU
		{D78B787F-4760-4AB1-B369-DBEBEFD632DF}.Debug|Any CPU.Build.0 = Debug|Any CPU
		{D78B787F-4760-4AB1-B369-DBEBEFD632DF}.Release|Any CPU.ActiveCfg = Release|Any CPU
		{D78B787F-4760-4AB1-B369-DBEBEFD632DF}.Release|Any CPU.Build.0 = Release|Any CPU
		{728368D4-C976-4D34-AF3E-5910FDC3B5B1}.Debug|Any CPU.ActiveCfg = Debug|Any CPU
		{728368D4-C976-4D34-AF3E-5910FDC3B5B1}.Debug|Any CPU.Build.0 = Debug|Any CPU
		{728368D4-C976-4D34-AF3E-5910FDC3B5B1}.Release|Any CPU.ActiveCfg = Release|Any CPU
		{728368D4-C976-4D34-AF3E-5910FDC3B5B1}.Release|Any CPU.Build.0 = Release|Any CPU
	EndGlobalSection
	GlobalSection(SolutionProperties) = preSolution
		HideSolutionNode = FALSE
	EndGlobalSection
	GlobalSection(ExtensibilityGlobals) = postSolution
		SolutionGuid = {8202A5AD-9489-426F-9538-1D5A14F5E55B}
	EndGlobalSection
EndGlobal
